
Microsoft Visual Studio Solution File, Format Version 12.00
# Visual Studio 15
Project("{FAE04EC0-301F-11D3-BF4B-00C04F79EFBC}") = "Unity.ShaderGraph.Editor", "Unity.ShaderGraph.Editor.csproj", "{7D8AD846-FC73-4F94-B247-A587063E93F6}"
EndProject
Project("{FAE04EC0-301F-11D3-BF4B-00C04F79EFBC}") = "Unity.RenderPipelines.Universal.Editor", "Unity.RenderPipelines.Universal.Editor.csproj", "{515CA356-4F14-29A7-CF5B-9C6490F4254B}"
EndProject
Project("{FAE04EC0-301F-11D3-BF4B-00C04F79EFBC}") = "Unity.RenderPipelines.Universal.Runtime", "Unity.RenderPipelines.Universal.Runtime.csproj", "{58484F0E-2B14-E44D-0908-DE6A7A638A8D}"
EndProject
Project("{FAE04EC0-301F-11D3-BF4B-00C04F79EFBC}") = "UnityEditor.UI", "UnityEditor.UI.csproj", "{D12FA97B-AA00-1AFE-BD1C-7FDA18D4B84D}"
EndProject
Project("{FAE04EC0-301F-11D3-BF4B-00C04F79EFBC}") = "Unity.RenderPipelines.Core.Runtime", "Unity.RenderPipelines.Core.Runtime.csproj", "{E1AB922A-2991-AE76-55FD-25F20D7F3F6B}"
EndProject
Project("{FAE04EC0-301F-11D3-BF4B-00C04F79EFBC}") = "Unity.RenderPipelines.Core.Editor", "Unity.RenderPipelines.Core.Editor.csproj", "{9CAC37A7-939F-556A-726D-747B18A9FC47}"
EndProject
Project("{FAE04EC0-301F-11D3-BF4B-00C04F79EFBC}") = "UnityEngine.UI", "UnityEngine.UI.csproj", "{E43C613F-4C9C-A1C3-ADDC-93F9EA0BA486}"
EndProject
Project("{FAE04EC0-301F-11D3-BF4B-00C04F79EFBC}") = "PPv2URPConverters", "PPv2URPConverters.csproj", "{2C600439-63CD-14C9-A8DA-660974CB54CE}"
EndProject
Project("{FAE04EC0-301F-11D3-BF4B-00C04F79EFBC}") = "Unity.RenderPipeline.Universal.ShaderLibrary", "Unity.RenderPipeline.Universal.ShaderLibrary.csproj", "{83937FF7-2D89-A5E5-62D1-79EEB0B00CAE}"
EndProject
Project("{FAE04EC0-301F-11D3-BF4B-00C04F79EFBC}") = "Assembly-CSharp", "Assembly-CSharp.csproj", "{BCB5F955-E03A-C237-CC7C-9C377A24F751}"
EndProject
Project("{FAE04EC0-301F-11D3-BF4B-00C04F79EFBC}") = "Unity.ShaderGraph.Utilities", "Unity.ShaderGraph.Utilities.csproj", "{A0F0DB32-542B-E99B-7495-8A92BBE11191}"
EndProject
Project("{FAE04EC0-301F-11D3-BF4B-00C04F79EFBC}") = "Assembly-CSharp-Editor", "Assembly-CSharp-Editor.csproj", "{2A69B4BF-F7E4-24E9-8C56-FEAF70B8F717}"
EndProject
Project("{FAE04EC0-301F-11D3-BF4B-00C04F79EFBC}") = "Unity.RenderPipelines.Universal.Config.Runtime", "Unity.RenderPipelines.Universal.Config.Runtime.csproj", "{76C0AE00-03C6-80D2-2FB9-28C6457C9D35}"
EndProject
Project("{FAE04EC0-301F-11D3-BF4B-00C04F79EFBC}") = "Unity.RenderPipelines.ShaderGraph.ShaderGraphLibrary", "Unity.RenderPipelines.ShaderGraph.ShaderGraphLibrary.csproj", "{06C088F9-8D3B-8BD6-9FBA-CE470BEF8209}"
EndProject
Project("{FAE04EC0-301F-11D3-BF4B-00C04F79EFBC}") = "Unity.RenderPipelines.Core.ShaderLibrary", "Unity.RenderPipelines.Core.ShaderLibrary.csproj", "{1A2D9DE2-BA65-AAFD-5883-DC0E6F58F748}"
EndProject
Project("{FAE04EC0-301F-11D3-BF4B-00C04F79EFBC}") = "Unity.RenderPipelines.Universal.Shaders", "Unity.RenderPipelines.Universal.Shaders.csproj", "{F62D5DBE-3A96-73F3-FF82-8C3896E60827}"
EndProject
Global
	GlobalSection(SolutionConfigurationPlatforms) = preSolution
		Debug|Any CPU = Debug|Any CPU
		Release|Any CPU = Release|Any CPU
	EndGlobalSection
	GlobalSection(ProjectConfigurationPlatforms) = postSolution
		{7D8AD846-FC73-4F94-B247-A587063E93F6}.Debug|Any CPU.ActiveCfg = Debug|Any CPU
		{7D8AD846-FC73-4F94-B247-A587063E93F6}.Debug|Any CPU.Build.0 = Debug|Any CPU
		{7D8AD846-FC73-4F94-B247-A587063E93F6}.Release|Any CPU.ActiveCfg = Release|Any CPU
		{7D8AD846-FC73-4F94-B247-A587063E93F6}.Release|Any CPU.Build.0 = Release|Any CPU
		{515CA356-4F14-29A7-CF5B-9C6490F4254B}.Debug|Any CPU.ActiveCfg = Debug|Any CPU
		{515CA356-4F14-29A7-CF5B-9C6490F4254B}.Debug|Any CPU.Build.0 = Debug|Any CPU
		{515CA356-4F14-29A7-CF5B-9C6490F4254B}.Release|Any CPU.ActiveCfg = Release|Any CPU
		{515CA356-4F14-29A7-CF5B-9C6490F4254B}.Release|Any CPU.Build.0 = Release|Any CPU
		{58484F0E-2B14-E44D-0908-DE6A7A638A8D}.Debug|Any CPU.ActiveCfg = Debug|Any CPU
		{58484F0E-2B14-E44D-0908-DE6A7A638A8D}.Debug|Any CPU.Build.0 = Debug|Any CPU
		{58484F0E-2B14-E44D-0908-DE6A7A638A8D}.Release|Any CPU.ActiveCfg = Release|Any CPU
		{58484F0E-2B14-E44D-0908-DE6A7A638A8D}.Release|Any CPU.Build.0 = Release|Any CPU
		{D12FA97B-AA00-1AFE-BD1C-7FDA18D4B84D}.Debug|Any CPU.ActiveCfg = Debug|Any CPU
		{D12FA97B-AA00-1AFE-BD1C-7FDA18D4B84D}.Debug|Any CPU.Build.0 = Debug|Any CPU
		{D12FA97B-AA00-1AFE-BD1C-7FDA18D4B84D}.Release|Any CPU.ActiveCfg = Release|Any CPU
		{D12FA97B-AA00-1AFE-BD1C-7FDA18D4B84D}.Release|Any CPU.Build.0 = Release|Any CPU
		{E1AB922A-2991-AE76-55FD-25F20D7F3F6B}.Debug|Any CPU.ActiveCfg = Debug|Any CPU
		{E1AB922A-2991-AE76-55FD-25F20D7F3F6B}.Debug|Any CPU.Build.0 = Debug|Any CPU
		{E1AB922A-2991-AE76-55FD-25F20D7F3F6B}.Release|Any CPU.ActiveCfg = Release|Any CPU
		{E1AB922A-2991-AE76-55FD-25F20D7F3F6B}.Release|Any CPU.Build.0 = Release|Any CPU
		{9CAC37A7-939F-556A-726D-747B18A9FC47}.Debug|Any CPU.ActiveCfg = Debug|Any CPU
		{9CAC37A7-939F-556A-726D-747B18A9FC47}.Debug|Any CPU.Build.0 = Debug|Any CPU
		{9CAC37A7-939F-556A-726D-747B18A9FC47}.Release|Any CPU.ActiveCfg = Release|Any CPU
		{9CAC37A7-939F-556A-726D-747B18A9FC47}.Release|Any CPU.Build.0 = Release|Any CPU
		{E43C613F-4C9C-A1C3-ADDC-93F9EA0BA486}.Debug|Any CPU.ActiveCfg = Debug|Any CPU
		{E43C613F-4C9C-A1C3-ADDC-93F9EA0BA486}.Debug|Any CPU.Build.0 = Debug|Any CPU
		{E43C613F-4C9C-A1C3-ADDC-93F9EA0BA486}.Release|Any CPU.ActiveCfg = Release|Any CPU
		{E43C613F-4C9C-A1C3-ADDC-93F9EA0BA486}.Release|Any CPU.Build.0 = Release|Any CPU
		{2C600439-63CD-14C9-A8DA-660974CB54CE}.Debug|Any CPU.ActiveCfg = Debug|Any CPU
		{2C600439-63CD-14C9-A8DA-660974CB54CE}.Debug|Any CPU.Build.0 = Debug|Any CPU
		{2C600439-63CD-14C9-A8DA-660974CB54CE}.Release|Any CPU.ActiveCfg = Release|Any CPU
		{2C600439-63CD-14C9-A8DA-660974CB54CE}.Release|Any CPU.Build.0 = Release|Any CPU
		{83937FF7-2D89-A5E5-62D1-79EEB0B00CAE}.Debug|Any CPU.ActiveCfg = Debug|Any CPU
		{83937FF7-2D89-A5E5-62D1-79EEB0B00CAE}.Debug|Any CPU.Build.0 = Debug|Any CPU
		{83937FF7-2D89-A5E5-62D1-79EEB0B00CAE}.Release|Any CPU.ActiveCfg = Release|Any CPU
		{83937FF7-2D89-A5E5-62D1-79EEB0B00CAE}.Release|Any CPU.Build.0 = Release|Any CPU
		{BCB5F955-E03A-C237-CC7C-9C377A24F751}.Debug|Any CPU.ActiveCfg = Debug|Any CPU
		{BCB5F955-E03A-C237-CC7C-9C377A24F751}.Debug|Any CPU.Build.0 = Debug|Any CPU
		{BCB5F955-E03A-C237-CC7C-9C377A24F751}.Release|Any CPU.ActiveCfg = Release|Any CPU
		{BCB5F955-E03A-C237-CC7C-9C377A24F751}.Release|Any CPU.Build.0 = Release|Any CPU
		{A0F0DB32-542B-E99B-7495-8A92BBE11191}.Debug|Any CPU.ActiveCfg = Debug|Any CPU
		{A0F0DB32-542B-E99B-7495-8A92BBE11191}.Debug|Any CPU.Build.0 = Debug|Any CPU
		{A0F0DB32-542B-E99B-7495-8A92BBE11191}.Release|Any CPU.ActiveCfg = Release|Any CPU
		{A0F0DB32-542B-E99B-7495-8A92BBE11191}.Release|Any CPU.Build.0 = Release|Any CPU
		{2A69B4BF-F7E4-24E9-8C56-FEAF70B8F717}.Debug|Any CPU.ActiveCfg = Debug|Any CPU
		{2A69B4BF-F7E4-24E9-8C56-FEAF70B8F717}.Debug|Any CPU.Build.0 = Debug|Any CPU
		{2A69B4BF-F7E4-24E9-8C56-FEAF70B8F717}.Release|Any CPU.ActiveCfg = Release|Any CPU
		{2A69B4BF-F7E4-24E9-8C56-FEAF70B8F717}.Release|Any CPU.Build.0 = Release|Any CPU
		{76C0AE00-03C6-80D2-2FB9-28C6457C9D35}.Debug|Any CPU.ActiveCfg = Debug|Any CPU
		{76C0AE00-03C6-80D2-2FB9-28C6457C9D35}.Debug|Any CPU.Build.0 = Debug|Any CPU
		{76C0AE00-03C6-80D2-2FB9-28C6457C9D35}.Release|Any CPU.ActiveCfg = Release|Any CPU
		{76C0AE00-03C6-80D2-2FB9-28C6457C9D35}.Release|Any CPU.Build.0 = Release|Any CPU
		{06C088F9-8D3B-8BD6-9FBA-CE470BEF8209}.Debug|Any CPU.ActiveCfg = Debug|Any CPU
		{06C088F9-8D3B-8BD6-9FBA-CE470BEF8209}.Debug|Any CPU.Build.0 = Debug|Any CPU
		{06C088F9-8D3B-8BD6-9FBA-CE470BEF8209}.Release|Any CPU.ActiveCfg = Release|Any CPU
		{06C088F9-8D3B-8BD6-9FBA-CE470BEF8209}.Release|Any CPU.Build.0 = Release|Any CPU
		{1A2D9DE2-BA65-AAFD-5883-DC0E6F58F748}.Debug|Any CPU.ActiveCfg = Debug|Any CPU
		{1A2D9DE2-BA65-AAFD-5883-DC0E6F58F748}.Debug|Any CPU.Build.0 = Debug|Any CPU
		{1A2D9DE2-BA65-AAFD-5883-DC0E6F58F748}.Release|Any CPU.ActiveCfg = Release|Any CPU
		{1A2D9DE2-BA65-AAFD-5883-DC0E6F58F748}.Release|Any CPU.Build.0 = Release|Any CPU
		{F62D5DBE-3A96-73F3-FF82-8C3896E60827}.Debug|Any CPU.ActiveCfg = Debug|Any CPU
		{F62D5DBE-3A96-73F3-FF82-8C3896E60827}.Debug|Any CPU.Build.0 = Debug|Any CPU
		{F62D5DBE-3A96-73F3-FF82-8C3896E60827}.Release|Any CPU.ActiveCfg = Release|Any CPU
		{F62D5DBE-3A96-73F3-FF82-8C3896E60827}.Release|Any CPU.Build.0 = Release|Any CPU
	EndGlobalSection
	GlobalSection(SolutionProperties) = preSolution
		HideSolutionNode = FALSE
	EndGlobalSection
EndGlobal
